
Microsoft Visual Studio Solution File, Format Version 12.00
# Visual Studio Version 17
VisualStudioVersion = 17.5.33530.505
MinimumVisualStudioVersion = 10.0.40219.1
Project("{FAE04EC0-301F-11D3-BF4B-00C04F79EFBC}") = "Calisma5", "Calisma5\Calisma5.csproj", "{56CBBECF-51EF-46F4-80BF-46CAADDD1D33}"
EndProject
Global
	GlobalSection(SolutionConfigurationPlatforms) = preSolution
		Debug|Any CPU = Debug|Any CPU
		Release|Any CPU = Release|Any CPU
	EndGlobalSection
	GlobalSection(ProjectConfigurationPlatforms) = postSolution
		{56CBBECF-51EF-46F4-80BF-46CAADDD1D33}.Debug|Any CPU.ActiveCfg = Debug|Any CPU
		{56CBBECF-51EF-46F4-80BF-46CAADDD1D33}.Debug|Any CPU.Build.0 = Debug|Any CPU
		{56CBBECF-51EF-46F4-80BF-46CAADDD1D33}.Release|Any CPU.ActiveCfg = Release|Any CPU
		{56CBBECF-51EF-46F4-80BF-46CAADDD1D33}.Release|Any CPU.Build.0 = Release|Any CPU
	EndGlobalSection
	GlobalSection(SolutionProperties) = preSolution
		HideSolutionNode = FALSE
	EndGlobalSection
	GlobalSection(ExtensibilityGlobals) = postSolution
		SolutionGuid = {84A92AB7-1646-49D4-83D0-9BA1E4A4556A}
	EndGlobalSection
EndGlobal
