
Microsoft Visual Studio Solution File, Format Version 12.00
# Visual Studio Version 17
VisualStudioVersion = 17.5.33530.505
MinimumVisualStudioVersion = 10.0.40219.1
Project("{FAE04EC0-301F-11D3-BF4B-00C04F79EFBC}") = "Calisma6", "Calisma6\Calisma6.csproj", "{A03A07FD-C5CE-4562-A73C-B3129F164886}"
EndProject
Global
	GlobalSection(SolutionConfigurationPlatforms) = preSolution
		Debug|Any CPU = Debug|Any CPU
		Release|Any CPU = Release|Any CPU
	EndGlobalSection
	GlobalSection(ProjectConfigurationPlatforms) = postSolution
		{A03A07FD-C5CE-4562-A73C-B3129F164886}.Debug|Any CPU.ActiveCfg = Debug|Any CPU
		{A03A07FD-C5CE-4562-A73C-B3129F164886}.Debug|Any CPU.Build.0 = Debug|Any CPU
		{A03A07FD-C5CE-4562-A73C-B3129F164886}.Release|Any CPU.ActiveCfg = Release|Any CPU
		{A03A07FD-C5CE-4562-A73C-B3129F164886}.Release|Any CPU.Build.0 = Release|Any CPU
	EndGlobalSection
	GlobalSection(SolutionProperties) = preSolution
		HideSolutionNode = FALSE
	EndGlobalSection
	GlobalSection(ExtensibilityGlobals) = postSolution
		SolutionGuid = {90E5C48D-A2C1-47F4-8428-F6E12886089F}
	EndGlobalSection
EndGlobal
