
Microsoft Visual Studio Solution File, Format Version 12.00
# Visual Studio Version 17
VisualStudioVersion = 17.5.33530.505
MinimumVisualStudioVersion = 10.0.40219.1
Project("{FAE04EC0-301F-11D3-BF4B-00C04F79EFBC}") = "Calisma7", "Calisma7\Calisma7.csproj", "{D8556664-B3FB-4F3F-9F90-8B79235B90C7}"
EndProject
Global
	GlobalSection(SolutionConfigurationPlatforms) = preSolution
		Debug|Any CPU = Debug|Any CPU
		Release|Any CPU = Release|Any CPU
	EndGlobalSection
	GlobalSection(ProjectConfigurationPlatforms) = postSolution
		{D8556664-B3FB-4F3F-9F90-8B79235B90C7}.Debug|Any CPU.ActiveCfg = Debug|Any CPU
		{D8556664-B3FB-4F3F-9F90-8B79235B90C7}.Debug|Any CPU.Build.0 = Debug|Any CPU
		{D8556664-B3FB-4F3F-9F90-8B79235B90C7}.Release|Any CPU.ActiveCfg = Release|Any CPU
		{D8556664-B3FB-4F3F-9F90-8B79235B90C7}.Release|Any CPU.Build.0 = Release|Any CPU
	EndGlobalSection
	GlobalSection(SolutionProperties) = preSolution
		HideSolutionNode = FALSE
	EndGlobalSection
	GlobalSection(ExtensibilityGlobals) = postSolution
		SolutionGuid = {1F278701-AD5C-49E5-AA94-2221EC8B94F4}
	EndGlobalSection
EndGlobal
